
Microsoft Visual Studio Solution File, Format Version 12.00
# Visual Studio Version 17
VisualStudioVersion = 17.1.31911.260
MinimumVisualStudioVersion = 10.0.40219.1
Project("{9A19103F-16F7-4668-BE54-9A1E7A4F7556}") = "Play01132022", "Play01132022\Play01132022.csproj", "{D4A5A798-3B07-4E25-9683-27D17E3A4267}"
EndProject
Global
	GlobalSection(SolutionConfigurationPlatforms) = preSolution
		Debug|Any CPU = Debug|Any CPU
		Release|Any CPU = Release|Any CPU
	EndGlobalSection
	GlobalSection(ProjectConfigurationPlatforms) = postSolution
		{D4A5A798-3B07-4E25-9683-27D17E3A4267}.Debug|Any CPU.ActiveCfg = Debug|Any CPU
		{D4A5A798-3B07-4E25-9683-27D17E3A4267}.Debug|Any CPU.Build.0 = Debug|Any CPU
		{D4A5A798-3B07-4E25-9683-27D17E3A4267}.Release|Any CPU.ActiveCfg = Release|Any CPU
		{D4A5A798-3B07-4E25-9683-27D17E3A4267}.Release|Any CPU.Build.0 = Release|Any CPU
	EndGlobalSection
	GlobalSection(SolutionProperties) = preSolution
		HideSolutionNode = FALSE
	EndGlobalSection
	GlobalSection(ExtensibilityGlobals) = postSolution
		SolutionGuid = {07C00E0D-9902-4727-B645-7BEC22EA2282}
	EndGlobalSection
EndGlobal
